
Microsoft Visual Studio Solution File, Format Version 12.00
# Visual Studio Version 17
VisualStudioVersion = 17.9.34622.214
MinimumVisualStudioVersion = 10.0.40219.1
Project("{FAE04EC0-301F-11D3-BF4B-00C04F79EFBC}") = "SalesTacking", "SalesTacking.csproj", "{9F86F0E0-B439-419B-8DD0-EC533CC4FFFC}"
EndProject
Global
	GlobalSection(SolutionConfigurationPlatforms) = preSolution
		Debug|Any CPU = Debug|Any CPU
		Release|Any CPU = Release|Any CPU
	EndGlobalSection
	GlobalSection(ProjectConfigurationPlatforms) = postSolution
		{9F86F0E0-B439-419B-8DD0-EC533CC4FFFC}.Debug|Any CPU.ActiveCfg = Debug|Any CPU
		{9F86F0E0-B439-419B-8DD0-EC533CC4FFFC}.Debug|Any CPU.Build.0 = Debug|Any CPU
		{9F86F0E0-B439-419B-8DD0-EC533CC4FFFC}.Release|Any CPU.ActiveCfg = Release|Any CPU
		{9F86F0E0-B439-419B-8DD0-EC533CC4FFFC}.Release|Any CPU.Build.0 = Release|Any CPU
	EndGlobalSection
	GlobalSection(SolutionProperties) = preSolution
		HideSolutionNode = FALSE
	EndGlobalSection
	GlobalSection(ExtensibilityGlobals) = postSolution
		SolutionGuid = {D308B3D6-28B4-42FE-8390-1B96E7D763D1}
	EndGlobalSection
EndGlobal
